
Microsoft Visual Studio Solution File, Format Version 12.00
# Visual Studio Version 17
VisualStudioVersion = 17.0.32014.148
MinimumVisualStudioVersion = 10.0.40219.1
Project("{FAE04EC0-301F-11D3-BF4B-00C04F79EFBC}") = "Algoritmos P3.Android", "Algoritmos P3.Android\Algoritmos P3.Android.csproj", "{F08AD6EF-C5D2-47A2-B894-69DA44803E04}"
EndProject
Project("{FAE04EC0-301F-11D3-BF4B-00C04F79EFBC}") = "Algoritmos P3.iOS", "Algoritmos P3.iOS\Algoritmos P3.iOS.csproj", "{5AEF4C4F-A019-465C-B821-7FB4C9B4BA3B}"
EndProject
Project("{FAE04EC0-301F-11D3-BF4B-00C04F79EFBC}") = "Algoritmos P3", "Algoritmos P3\Algoritmos P3.csproj", "{FDF1A16B-1D62-4C0A-834A-308287BA9BF8}"
EndProject
Global
	GlobalSection(SolutionConfigurationPlatforms) = preSolution
		Debug|Any CPU = Debug|Any CPU
		Debug|iPhone = Debug|iPhone
		Debug|iPhoneSimulator = Debug|iPhoneSimulator
		Release|Any CPU = Release|Any CPU
		Release|iPhone = Release|iPhone
		Release|iPhoneSimulator = Release|iPhoneSimulator
	EndGlobalSection
	GlobalSection(ProjectConfigurationPlatforms) = postSolution
		{F08AD6EF-C5D2-47A2-B894-69DA44803E04}.Debug|Any CPU.ActiveCfg = Debug|Any CPU
		{F08AD6EF-C5D2-47A2-B894-69DA44803E04}.Debug|Any CPU.Build.0 = Debug|Any CPU
		{F08AD6EF-C5D2-47A2-B894-69DA44803E04}.Debug|Any CPU.Deploy.0 = Debug|Any CPU
		{F08AD6EF-C5D2-47A2-B894-69DA44803E04}.Debug|iPhone.ActiveCfg = Debug|Any CPU
		{F08AD6EF-C5D2-47A2-B894-69DA44803E04}.Debug|iPhone.Build.0 = Debug|Any CPU
		{F08AD6EF-C5D2-47A2-B894-69DA44803E04}.Debug|iPhone.Deploy.0 = Debug|Any CPU
		{F08AD6EF-C5D2-47A2-B894-69DA44803E04}.Debug|iPhoneSimulator.ActiveCfg = Debug|Any CPU
		{F08AD6EF-C5D2-47A2-B894-69DA44803E04}.Debug|iPhoneSimulator.Build.0 = Debug|Any CPU
		{F08AD6EF-C5D2-47A2-B894-69DA44803E04}.Debug|iPhoneSimulator.Deploy.0 = Debug|Any CPU
		{F08AD6EF-C5D2-47A2-B894-69DA44803E04}.Release|Any CPU.ActiveCfg = Release|Any CPU
		{F08AD6EF-C5D2-47A2-B894-69DA44803E04}.Release|Any CPU.Build.0 = Release|Any CPU
		{F08AD6EF-C5D2-47A2-B894-69DA44803E04}.Release|Any CPU.Deploy.0 = Release|Any CPU
		{F08AD6EF-C5D2-47A2-B894-69DA44803E04}.Release|iPhone.ActiveCfg = Release|Any CPU
		{F08AD6EF-C5D2-47A2-B894-69DA44803E04}.Release|iPhone.Build.0 = Release|Any CPU
		{F08AD6EF-C5D2-47A2-B894-69DA44803E04}.Release|iPhone.Deploy.0 = Release|Any CPU
		{F08AD6EF-C5D2-47A2-B894-69DA44803E04}.Release|iPhoneSimulator.ActiveCfg = Release|Any CPU
		{F08AD6EF-C5D2-47A2-B894-69DA44803E04}.Release|iPhoneSimulator.Build.0 = Release|Any CPU
		{F08AD6EF-C5D2-47A2-B894-69DA44803E04}.Release|iPhoneSimulator.Deploy.0 = Release|Any CPU
		{5AEF4C4F-A019-465C-B821-7FB4C9B4BA3B}.Debug|Any CPU.ActiveCfg = Debug|iPhone
		{5AEF4C4F-A019-465C-B821-7FB4C9B4BA3B}.Debug|Any CPU.Build.0 = Debug|iPhone
		{5AEF4C4F-A019-465C-B821-7FB4C9B4BA3B}.Debug|Any CPU.Deploy.0 = Debug|iPhone
		{5AEF4C4F-A019-465C-B821-7FB4C9B4BA3B}.Debug|iPhone.ActiveCfg = Debug|iPhone
		{5AEF4C4F-A019-465C-B821-7FB4C9B4BA3B}.Debug|iPhone.Build.0 = Debug|iPhone
		{5AEF4C4F-A019-465C-B821-7FB4C9B4BA3B}.Debug|iPhone.Deploy.0 = Debug|iPhone
		{5AEF4C4F-A019-465C-B821-7FB4C9B4BA3B}.Debug|iPhoneSimulator.ActiveCfg = Debug|iPhoneSimulator
		{5AEF4C4F-A019-465C-B821-7FB4C9B4BA3B}.Debug|iPhoneSimulator.Build.0 = Debug|iPhoneSimulator
		{5AEF4C4F-A019-465C-B821-7FB4C9B4BA3B}.Debug|iPhoneSimulator.Deploy.0 = Debug|iPhoneSimulator
		{5AEF4C4F-A019-465C-B821-7FB4C9B4BA3B}.Release|Any CPU.ActiveCfg = Release|iPhoneSimulator
		{5AEF4C4F-A019-465C-B821-7FB4C9B4BA3B}.Release|Any CPU.Build.0 = Release|iPhoneSimulator
		{5AEF4C4F-A019-465C-B821-7FB4C9B4BA3B}.Release|Any CPU.Deploy.0 = Release|iPhoneSimulator
		{5AEF4C4F-A019-465C-B821-7FB4C9B4BA3B}.Release|iPhone.ActiveCfg = Release|iPhone
		{5AEF4C4F-A019-465C-B821-7FB4C9B4BA3B}.Release|iPhone.Build.0 = Release|iPhone
		{5AEF4C4F-A019-465C-B821-7FB4C9B4BA3B}.Release|iPhone.Deploy.0 = Release|iPhone
		{5AEF4C4F-A019-465C-B821-7FB4C9B4BA3B}.Release|iPhoneSimulator.ActiveCfg = Release|iPhoneSimulator
		{5AEF4C4F-A019-465C-B821-7FB4C9B4BA3B}.Release|iPhoneSimulator.Build.0 = Release|iPhoneSimulator
		{5AEF4C4F-A019-465C-B821-7FB4C9B4BA3B}.Release|iPhoneSimulator.Deploy.0 = Release|iPhoneSimulator
		{FDF1A16B-1D62-4C0A-834A-308287BA9BF8}.Debug|Any CPU.ActiveCfg = Debug|Any CPU
		{FDF1A16B-1D62-4C0A-834A-308287BA9BF8}.Debug|Any CPU.Build.0 = Debug|Any CPU
		{FDF1A16B-1D62-4C0A-834A-308287BA9BF8}.Debug|Any CPU.Deploy.0 = Debug|Any CPU
		{FDF1A16B-1D62-4C0A-834A-308287BA9BF8}.Debug|iPhone.ActiveCfg = Debug|Any CPU
		{FDF1A16B-1D62-4C0A-834A-308287BA9BF8}.Debug|iPhone.Build.0 = Debug|Any CPU
		{FDF1A16B-1D62-4C0A-834A-308287BA9BF8}.Debug|iPhone.Deploy.0 = Debug|Any CPU
		{FDF1A16B-1D62-4C0A-834A-308287BA9BF8}.Debug|iPhoneSimulator.ActiveCfg = Debug|Any CPU
		{FDF1A16B-1D62-4C0A-834A-308287BA9BF8}.Debug|iPhoneSimulator.Build.0 = Debug|Any CPU
		{FDF1A16B-1D62-4C0A-834A-308287BA9BF8}.Debug|iPhoneSimulator.Deploy.0 = Debug|Any CPU
		{FDF1A16B-1D62-4C0A-834A-308287BA9BF8}.Release|Any CPU.ActiveCfg = Release|Any CPU
		{FDF1A16B-1D62-4C0A-834A-308287BA9BF8}.Release|Any CPU.Build.0 = Release|Any CPU
		{FDF1A16B-1D62-4C0A-834A-308287BA9BF8}.Release|Any CPU.Deploy.0 = Release|Any CPU
		{FDF1A16B-1D62-4C0A-834A-308287BA9BF8}.Release|iPhone.ActiveCfg = Release|Any CPU
		{FDF1A16B-1D62-4C0A-834A-308287BA9BF8}.Release|iPhone.Build.0 = Release|Any CPU
		{FDF1A16B-1D62-4C0A-834A-308287BA9BF8}.Release|iPhone.Deploy.0 = Release|Any CPU
		{FDF1A16B-1D62-4C0A-834A-308287BA9BF8}.Release|iPhoneSimulator.ActiveCfg = Release|Any CPU
		{FDF1A16B-1D62-4C0A-834A-308287BA9BF8}.Release|iPhoneSimulator.Build.0 = Release|Any CPU
		{FDF1A16B-1D62-4C0A-834A-308287BA9BF8}.Release|iPhoneSimulator.Deploy.0 = Release|Any CPU
	EndGlobalSection
	GlobalSection(SolutionProperties) = preSolution
		HideSolutionNode = FALSE
	EndGlobalSection
	GlobalSection(ExtensibilityGlobals) = postSolution
		SolutionGuid = {94AE9B47-B883-4A05-A9A3-CCDA06E140E9}
	EndGlobalSection
EndGlobal
